
Microsoft Visual Studio Solution File, Format Version 12.00
# Visual Studio 14
VisualStudioVersion = 14.0.23107.0
MinimumVisualStudioVersion = 10.0.40219.1
Project("{FAE04EC0-301F-11D3-BF4B-00C04F79EFBC}") = "Tehtävä1", "Tehtävä1\Tehtävä1.csproj", "{E793A0A9-FFE6-4ACF-8538-A185C1363D60}"
EndProject
Project("{FAE04EC0-301F-11D3-BF4B-00C04F79EFBC}") = "Tehtävä2", "Tehtävä2\Tehtävä2.csproj", "{7325D6D5-6A24-4B8C-8447-0DF0AB66735D}"
EndProject
Project("{FAE04EC0-301F-11D3-BF4B-00C04F79EFBC}") = "Tehtävä4", "Tehtävä4\Tehtävä4.csproj", "{CF978FCD-A275-470C-BDA2-EFEF923B6AB8}"
EndProject
Project("{FAE04EC0-301F-11D3-BF4B-00C04F79EFBC}") = "Tehtävä5", "Tehtävä5\Tehtävä5.csproj", "{857AA95A-1DA5-4696-878C-291DB2C8C920}"
EndProject
Project("{FAE04EC0-301F-11D3-BF4B-00C04F79EFBC}") = "databaseExercise", "databaseExercise\databaseExercise.csproj", "{A772DEA4-61D1-439E-A63E-A85CBCDD935A}"
EndProject
Project("{FAE04EC0-301F-11D3-BF4B-00C04F79EFBC}") = "Tehtävä6", "Tehtävä6\Tehtävä6.csproj", "{078B472F-E0BE-4705-A004-3F2A11A96896}"
EndProject
Project("{FAE04EC0-301F-11D3-BF4B-00C04F79EFBC}") = "JSONdemo", "JSONdemo\JSONdemo.csproj", "{D88CB4E1-C33A-4125-8517-C33641A09FAE}"
EndProject
Project("{FAE04EC0-301F-11D3-BF4B-00C04F79EFBC}") = "Tehtävä7", "Tehtävä7\Tehtävä7.csproj", "{2BC091B2-E080-435B-821A-44EDDE7638F4}"
EndProject
Project("{FAE04EC0-301F-11D3-BF4B-00C04F79EFBC}") = "T02WinLotto", "T02WinLotto\T02WinLotto.csproj", "{A557F18D-B99A-41EC-9D0E-D93C08F90D39}"
EndProject
Project("{FAE04EC0-301F-11D3-BF4B-00C04F79EFBC}") = "UnitTestForWinLotto", "UnitTestWinLotto\UnitTestForWinLotto.csproj", "{CE0C8E80-8305-44E8-B2A1-266B8F4B4596}"
EndProject
Project("{FAE04EC0-301F-11D3-BF4B-00C04F79EFBC}") = "Tehtävä8", "Tehtävä8\Tehtävä8.csproj", "{18E10F12-E3AA-4139-A456-1566869F05FE}"
EndProject
Global
	GlobalSection(SolutionConfigurationPlatforms) = preSolution
		Debug|Any CPU = Debug|Any CPU
		Release|Any CPU = Release|Any CPU
	EndGlobalSection
	GlobalSection(ProjectConfigurationPlatforms) = postSolution
		{E793A0A9-FFE6-4ACF-8538-A185C1363D60}.Debug|Any CPU.ActiveCfg = Debug|Any CPU
		{E793A0A9-FFE6-4ACF-8538-A185C1363D60}.Debug|Any CPU.Build.0 = Debug|Any CPU
		{E793A0A9-FFE6-4ACF-8538-A185C1363D60}.Release|Any CPU.ActiveCfg = Release|Any CPU
		{E793A0A9-FFE6-4ACF-8538-A185C1363D60}.Release|Any CPU.Build.0 = Release|Any CPU
		{7325D6D5-6A24-4B8C-8447-0DF0AB66735D}.Debug|Any CPU.ActiveCfg = Debug|Any CPU
		{7325D6D5-6A24-4B8C-8447-0DF0AB66735D}.Debug|Any CPU.Build.0 = Debug|Any CPU
		{7325D6D5-6A24-4B8C-8447-0DF0AB66735D}.Release|Any CPU.ActiveCfg = Release|Any CPU
		{7325D6D5-6A24-4B8C-8447-0DF0AB66735D}.Release|Any CPU.Build.0 = Release|Any CPU
		{CF978FCD-A275-470C-BDA2-EFEF923B6AB8}.Debug|Any CPU.ActiveCfg = Debug|Any CPU
		{CF978FCD-A275-470C-BDA2-EFEF923B6AB8}.Debug|Any CPU.Build.0 = Debug|Any CPU
		{CF978FCD-A275-470C-BDA2-EFEF923B6AB8}.Release|Any CPU.ActiveCfg = Release|Any CPU
		{CF978FCD-A275-470C-BDA2-EFEF923B6AB8}.Release|Any CPU.Build.0 = Release|Any CPU
		{857AA95A-1DA5-4696-878C-291DB2C8C920}.Debug|Any CPU.ActiveCfg = Debug|Any CPU
		{857AA95A-1DA5-4696-878C-291DB2C8C920}.Debug|Any CPU.Build.0 = Debug|Any CPU
		{857AA95A-1DA5-4696-878C-291DB2C8C920}.Release|Any CPU.ActiveCfg = Release|Any CPU
		{857AA95A-1DA5-4696-878C-291DB2C8C920}.Release|Any CPU.Build.0 = Release|Any CPU
		{A772DEA4-61D1-439E-A63E-A85CBCDD935A}.Debug|Any CPU.ActiveCfg = Debug|Any CPU
		{A772DEA4-61D1-439E-A63E-A85CBCDD935A}.Debug|Any CPU.Build.0 = Debug|Any CPU
		{A772DEA4-61D1-439E-A63E-A85CBCDD935A}.Release|Any CPU.ActiveCfg = Release|Any CPU
		{A772DEA4-61D1-439E-A63E-A85CBCDD935A}.Release|Any CPU.Build.0 = Release|Any CPU
		{078B472F-E0BE-4705-A004-3F2A11A96896}.Debug|Any CPU.ActiveCfg = Debug|Any CPU
		{078B472F-E0BE-4705-A004-3F2A11A96896}.Debug|Any CPU.Build.0 = Debug|Any CPU
		{078B472F-E0BE-4705-A004-3F2A11A96896}.Release|Any CPU.ActiveCfg = Release|Any CPU
		{078B472F-E0BE-4705-A004-3F2A11A96896}.Release|Any CPU.Build.0 = Release|Any CPU
		{D88CB4E1-C33A-4125-8517-C33641A09FAE}.Debug|Any CPU.ActiveCfg = Debug|Any CPU
		{D88CB4E1-C33A-4125-8517-C33641A09FAE}.Debug|Any CPU.Build.0 = Debug|Any CPU
		{D88CB4E1-C33A-4125-8517-C33641A09FAE}.Release|Any CPU.ActiveCfg = Release|Any CPU
		{D88CB4E1-C33A-4125-8517-C33641A09FAE}.Release|Any CPU.Build.0 = Release|Any CPU
		{2BC091B2-E080-435B-821A-44EDDE7638F4}.Debug|Any CPU.ActiveCfg = Debug|Any CPU
		{2BC091B2-E080-435B-821A-44EDDE7638F4}.Debug|Any CPU.Build.0 = Debug|Any CPU
		{2BC091B2-E080-435B-821A-44EDDE7638F4}.Release|Any CPU.ActiveCfg = Release|Any CPU
		{2BC091B2-E080-435B-821A-44EDDE7638F4}.Release|Any CPU.Build.0 = Release|Any CPU
		{A557F18D-B99A-41EC-9D0E-D93C08F90D39}.Debug|Any CPU.ActiveCfg = Debug|Any CPU
		{A557F18D-B99A-41EC-9D0E-D93C08F90D39}.Debug|Any CPU.Build.0 = Debug|Any CPU
		{A557F18D-B99A-41EC-9D0E-D93C08F90D39}.Release|Any CPU.ActiveCfg = Release|Any CPU
		{A557F18D-B99A-41EC-9D0E-D93C08F90D39}.Release|Any CPU.Build.0 = Release|Any CPU
		{CE0C8E80-8305-44E8-B2A1-266B8F4B4596}.Debug|Any CPU.ActiveCfg = Debug|Any CPU
		{CE0C8E80-8305-44E8-B2A1-266B8F4B4596}.Debug|Any CPU.Build.0 = Debug|Any CPU
		{CE0C8E80-8305-44E8-B2A1-266B8F4B4596}.Release|Any CPU.ActiveCfg = Release|Any CPU
		{CE0C8E80-8305-44E8-B2A1-266B8F4B4596}.Release|Any CPU.Build.0 = Release|Any CPU
		{18E10F12-E3AA-4139-A456-1566869F05FE}.Debug|Any CPU.ActiveCfg = Debug|Any CPU
		{18E10F12-E3AA-4139-A456-1566869F05FE}.Debug|Any CPU.Build.0 = Debug|Any CPU
		{18E10F12-E3AA-4139-A456-1566869F05FE}.Release|Any CPU.ActiveCfg = Release|Any CPU
		{18E10F12-E3AA-4139-A456-1566869F05FE}.Release|Any CPU.Build.0 = Release|Any CPU
	EndGlobalSection
	GlobalSection(SolutionProperties) = preSolution
		HideSolutionNode = FALSE
	EndGlobalSection
EndGlobal
